{
    "_meta": {
        "hash": {
            "sha256": "e0af6e13ffba88b58ca1bf7714fa6ca5eec5ce8df19cb5851aca03b8d37ce481"
        },
        "pipfile-spec": 6,
        "requires": {
            "python_version": "3.6"
        },
        "sources": [
            {
                "name": "pypi",
                "url": "https://pypi.tuna.tsinghua.edu.cn/simple/",
                "verify_ssl": true
            }
        ]
    },
    "default": {},
    "develop": {}
}
